
Microsoft Visual Studio Solution File, Format Version 12.00
# Visual Studio Version 17
VisualStudioVersion = 17.5.002.0
MinimumVisualStudioVersion = 10.0.40219.1
Project("{9A19103F-16F7-4668-BE54-9A1E7A4F7556}") = "Cerrando Cafeterías de J", "Cerrando Cafeterías de J.csproj", "{BF6998E9-753F-450A-8452-3F1A081BD4B5}"
EndProject
Global
	GlobalSection(SolutionConfigurationPlatforms) = preSolution
		Debug|Any CPU = Debug|Any CPU
		Release|Any CPU = Release|Any CPU
	EndGlobalSection
	GlobalSection(ProjectConfigurationPlatforms) = postSolution
		{BF6998E9-753F-450A-8452-3F1A081BD4B5}.Debug|Any CPU.ActiveCfg = Debug|Any CPU
		{BF6998E9-753F-450A-8452-3F1A081BD4B5}.Debug|Any CPU.Build.0 = Debug|Any CPU
		{BF6998E9-753F-450A-8452-3F1A081BD4B5}.Release|Any CPU.ActiveCfg = Release|Any CPU
		{BF6998E9-753F-450A-8452-3F1A081BD4B5}.Release|Any CPU.Build.0 = Release|Any CPU
	EndGlobalSection
	GlobalSection(SolutionProperties) = preSolution
		HideSolutionNode = FALSE
	EndGlobalSection
	GlobalSection(ExtensibilityGlobals) = postSolution
		SolutionGuid = {F6E06572-713E-4789-BDF1-4ED777F951E3}
	EndGlobalSection
EndGlobal
