
Microsoft Visual Studio Solution File, Format Version 12.00
# Visual Studio Version 17
VisualStudioVersion = 17.5.002.0
MinimumVisualStudioVersion = 10.0.40219.1
Project("{9A19103F-16F7-4668-BE54-9A1E7A4F7556}") = "Camino seguro del Rey", "Camino seguro del Rey.csproj", "{47AA6BF8-1C49-4C3B-9D68-536FFA25762C}"
EndProject
Global
	GlobalSection(SolutionConfigurationPlatforms) = preSolution
		Debug|Any CPU = Debug|Any CPU
		Release|Any CPU = Release|Any CPU
	EndGlobalSection
	GlobalSection(ProjectConfigurationPlatforms) = postSolution
		{47AA6BF8-1C49-4C3B-9D68-536FFA25762C}.Debug|Any CPU.ActiveCfg = Debug|Any CPU
		{47AA6BF8-1C49-4C3B-9D68-536FFA25762C}.Debug|Any CPU.Build.0 = Debug|Any CPU
		{47AA6BF8-1C49-4C3B-9D68-536FFA25762C}.Release|Any CPU.ActiveCfg = Release|Any CPU
		{47AA6BF8-1C49-4C3B-9D68-536FFA25762C}.Release|Any CPU.Build.0 = Release|Any CPU
	EndGlobalSection
	GlobalSection(SolutionProperties) = preSolution
		HideSolutionNode = FALSE
	EndGlobalSection
	GlobalSection(ExtensibilityGlobals) = postSolution
		SolutionGuid = {143F3DF1-3A7F-4677-8F1A-2117E4B15BC1}
	EndGlobalSection
EndGlobal
